
Microsoft Visual Studio Solution File, Format Version 12.00
# Visual Studio Version 17
VisualStudioVersion = 17.0.32126.317
MinimumVisualStudioVersion = 10.0.40219.1
Project("{FAE04EC0-301F-11D3-BF4B-00C04F79EFBC}") = "Inheritance", "Inheritance\Inheritance.csproj", "{AAD34CF9-6EAE-4779-B730-FF82D6AD2A0D}"
EndProject
Global
	GlobalSection(SolutionConfigurationPlatforms) = preSolution
		Debug|Any CPU = Debug|Any CPU
		Release|Any CPU = Release|Any CPU
	EndGlobalSection
	GlobalSection(ProjectConfigurationPlatforms) = postSolution
		{AAD34CF9-6EAE-4779-B730-FF82D6AD2A0D}.Debug|Any CPU.ActiveCfg = Debug|Any CPU
		{AAD34CF9-6EAE-4779-B730-FF82D6AD2A0D}.Debug|Any CPU.Build.0 = Debug|Any CPU
		{AAD34CF9-6EAE-4779-B730-FF82D6AD2A0D}.Release|Any CPU.ActiveCfg = Release|Any CPU
		{AAD34CF9-6EAE-4779-B730-FF82D6AD2A0D}.Release|Any CPU.Build.0 = Release|Any CPU
	EndGlobalSection
	GlobalSection(SolutionProperties) = preSolution
		HideSolutionNode = FALSE
	EndGlobalSection
	GlobalSection(ExtensibilityGlobals) = postSolution
		SolutionGuid = {B2B9B1F8-48C5-4BB8-AABF-AB926E9F7056}
	EndGlobalSection
EndGlobal
